// !$*UTF8*$!
{
	archiveVersion = 1;
	classes = {
	};
	objectVersion = 46;
	objects = {

/* Begin PBXBuildFile section */
		277506CD1DBD008F0082A6BA /* Kjob.framework in Frameworks */ = {isa = PBXBuildFile; fileRef = 2794A7DE1D96A8C30019F294 /* Kjob.framework */; };
		277506DC1DBD00B40082A6BA /* Kjob.framework in Frameworks */ = {isa = PBXBuildFile; fileRef = 2794A7EC1D96A8FB0019F294 /* Kjob.framework */; };
		277506EB1DBD00D20082A6BA /* Kjob.framework in Frameworks */ = {isa = PBXBuildFile; fileRef = 2794A7F91D96A93A0019F294 /* Kjob.framework */; };
		277506F11DBD00E50082A6BA /* JobTest.swift in Sources */ = {isa = PBXBuildFile; fileRef = 2794A86E1D96B9990019F294 /* JobTest.swift */; };
		277506F21DBD00E50082A6BA /* JobTest.swift in Sources */ = {isa = PBXBuildFile; fileRef = 2794A86E1D96B9990019F294 /* JobTest.swift */; };
		277506F31DBD00E60082A6BA /* JobTest.swift in Sources */ = {isa = PBXBuildFile; fileRef = 2794A86E1D96B9990019F294 /* JobTest.swift */; };
		2794A8141D96AFAF0019F294 /* Kjob.h in Headers */ = {isa = PBXBuildFile; fileRef = 2794A8131D96AFAF0019F294 /* Kjob.h */; settings = {ATTRIBUTES = (Public, ); }; };
		2794A8151D96AFAF0019F294 /* Kjob.h in Headers */ = {isa = PBXBuildFile; fileRef = 2794A8131D96AFAF0019F294 /* Kjob.h */; settings = {ATTRIBUTES = (Public, ); }; };
		2794A8161D96AFAF0019F294 /* Kjob.h in Headers */ = {isa = PBXBuildFile; fileRef = 2794A8131D96AFAF0019F294 /* Kjob.h */; settings = {ATTRIBUTES = (Public, ); }; };
		2794A8171D96AFAF0019F294 /* Kjob.h in Headers */ = {isa = PBXBuildFile; fileRef = 2794A8131D96AFAF0019F294 /* Kjob.h */; settings = {ATTRIBUTES = (Public, ); }; };
		2794A8201D96B1600019F294 /* Action.swift in Sources */ = {isa = PBXBuildFile; fileRef = 2794A8181D96B1600019F294 /* Action.swift */; };
		2794A8211D96B1600019F294 /* Action.swift in Sources */ = {isa = PBXBuildFile; fileRef = 2794A8181D96B1600019F294 /* Action.swift */; };
		2794A8221D96B1600019F294 /* Action.swift in Sources */ = {isa = PBXBuildFile; fileRef = 2794A8181D96B1600019F294 /* Action.swift */; };
		2794A8231D96B1600019F294 /* Action.swift in Sources */ = {isa = PBXBuildFile; fileRef = 2794A8181D96B1600019F294 /* Action.swift */; };
		2794A8241D96B1600019F294 /* Command.swift in Sources */ = {isa = PBXBuildFile; fileRef = 2794A8191D96B1600019F294 /* Command.swift */; };
		2794A8251D96B1600019F294 /* Command.swift in Sources */ = {isa = PBXBuildFile; fileRef = 2794A8191D96B1600019F294 /* Command.swift */; };
		2794A8261D96B1600019F294 /* Command.swift in Sources */ = {isa = PBXBuildFile; fileRef = 2794A8191D96B1600019F294 /* Command.swift */; };
		2794A8271D96B1600019F294 /* Command.swift in Sources */ = {isa = PBXBuildFile; fileRef = 2794A8191D96B1600019F294 /* Command.swift */; };
		2794A8281D96B1600019F294 /* Job.swift in Sources */ = {isa = PBXBuildFile; fileRef = 2794A81A1D96B1600019F294 /* Job.swift */; };
		2794A8291D96B1600019F294 /* Job.swift in Sources */ = {isa = PBXBuildFile; fileRef = 2794A81A1D96B1600019F294 /* Job.swift */; };
		2794A82A1D96B1600019F294 /* Job.swift in Sources */ = {isa = PBXBuildFile; fileRef = 2794A81A1D96B1600019F294 /* Job.swift */; };
		2794A82B1D96B1600019F294 /* Job.swift in Sources */ = {isa = PBXBuildFile; fileRef = 2794A81A1D96B1600019F294 /* Job.swift */; };
		2794A8301D96B1600019F294 /* JobState.swift in Sources */ = {isa = PBXBuildFile; fileRef = 2794A81C1D96B1600019F294 /* JobState.swift */; };
		2794A8311D96B1600019F294 /* JobState.swift in Sources */ = {isa = PBXBuildFile; fileRef = 2794A81C1D96B1600019F294 /* JobState.swift */; };
		2794A8321D96B1600019F294 /* JobState.swift in Sources */ = {isa = PBXBuildFile; fileRef = 2794A81C1D96B1600019F294 /* JobState.swift */; };
		2794A8331D96B1600019F294 /* JobState.swift in Sources */ = {isa = PBXBuildFile; fileRef = 2794A81C1D96B1600019F294 /* JobState.swift */; };
		2794A8341D96B1600019F294 /* Logger.swift in Sources */ = {isa = PBXBuildFile; fileRef = 2794A81D1D96B1600019F294 /* Logger.swift */; };
		2794A8351D96B1600019F294 /* Logger.swift in Sources */ = {isa = PBXBuildFile; fileRef = 2794A81D1D96B1600019F294 /* Logger.swift */; };
		2794A8361D96B1600019F294 /* Logger.swift in Sources */ = {isa = PBXBuildFile; fileRef = 2794A81D1D96B1600019F294 /* Logger.swift */; };
		2794A8371D96B1600019F294 /* Logger.swift in Sources */ = {isa = PBXBuildFile; fileRef = 2794A81D1D96B1600019F294 /* Logger.swift */; };
		2794A8381D96B1600019F294 /* Shell.swift in Sources */ = {isa = PBXBuildFile; fileRef = 2794A81E1D96B1600019F294 /* Shell.swift */; };
		2794A8391D96B1600019F294 /* Shell.swift in Sources */ = {isa = PBXBuildFile; fileRef = 2794A81E1D96B1600019F294 /* Shell.swift */; };
		2794A83A1D96B1600019F294 /* Shell.swift in Sources */ = {isa = PBXBuildFile; fileRef = 2794A81E1D96B1600019F294 /* Shell.swift */; };
		2794A83B1D96B1600019F294 /* Shell.swift in Sources */ = {isa = PBXBuildFile; fileRef = 2794A81E1D96B1600019F294 /* Shell.swift */; };
		2794A83C1D96B1600019F294 /* Worker.swift in Sources */ = {isa = PBXBuildFile; fileRef = 2794A81F1D96B1600019F294 /* Worker.swift */; };
		2794A83D1D96B1600019F294 /* Worker.swift in Sources */ = {isa = PBXBuildFile; fileRef = 2794A81F1D96B1600019F294 /* Worker.swift */; };
		2794A83E1D96B1600019F294 /* Worker.swift in Sources */ = {isa = PBXBuildFile; fileRef = 2794A81F1D96B1600019F294 /* Worker.swift */; };
		2794A83F1D96B1600019F294 /* Worker.swift in Sources */ = {isa = PBXBuildFile; fileRef = 2794A81F1D96B1600019F294 /* Worker.swift */; };
/* End PBXBuildFile section */

/* Begin PBXContainerItemProxy section */
		277506CE1DBD008F0082A6BA /* PBXContainerItemProxy */ = {
			isa = PBXContainerItemProxy;
			containerPortal = 2794A7D31D96A7E90019F294 /* Project object */;
			proxyType = 1;
			remoteGlobalIDString = 2794A7DD1D96A8C30019F294;
			remoteInfo = "Kjob-iOS";
		};
		277506DD1DBD00B40082A6BA /* PBXContainerItemProxy */ = {
			isa = PBXContainerItemProxy;
			containerPortal = 2794A7D31D96A7E90019F294 /* Project object */;
			proxyType = 1;
			remoteGlobalIDString = 2794A7EB1D96A8FB0019F294;
			remoteInfo = "Kjob-macOS";
		};
		277506EC1DBD00D20082A6BA /* PBXContainerItemProxy */ = {
			isa = PBXContainerItemProxy;
			containerPortal = 2794A7D31D96A7E90019F294 /* Project object */;
			proxyType = 1;
			remoteGlobalIDString = 2794A7F81D96A93A0019F294;
			remoteInfo = "Kjob-tvOS";
		};
/* End PBXContainerItemProxy section */

/* Begin PBXFileReference section */
		27578D7C1D97E5A100363E74 /* Info-iOS.plist */ = {isa = PBXFileReference; fileEncoding = 4; lastKnownFileType = text.plist.xml; path = "Info-iOS.plist"; sourceTree = "<group>"; };
		27578D7E1D97E64700363E74 /* Info-macOS.plist */ = {isa = PBXFileReference; fileEncoding = 4; lastKnownFileType = text.plist.xml; path = "Info-macOS.plist"; sourceTree = "<group>"; };
		27578D801D97E65200363E74 /* Info-tvOS.plist */ = {isa = PBXFileReference; fileEncoding = 4; lastKnownFileType = text.plist.xml; path = "Info-tvOS.plist"; sourceTree = "<group>"; };
		27578D851D97EE2000363E74 /* LICENSE */ = {isa = PBXFileReference; fileEncoding = 4; lastKnownFileType = text; path = LICENSE; sourceTree = "<group>"; };
		27578D861D97EE2000363E74 /* README.md */ = {isa = PBXFileReference; fileEncoding = 4; lastKnownFileType = net.daringfireball.markdown; path = README.md; sourceTree = "<group>"; };
		277506C81DBD008F0082A6BA /* KjobTests-iOS.xctest */ = {isa = PBXFileReference; explicitFileType = wrapper.cfbundle; includeInIndex = 0; path = "KjobTests-iOS.xctest"; sourceTree = BUILT_PRODUCTS_DIR; };
		277506D71DBD00B40082A6BA /* KjobTests-macOS.xctest */ = {isa = PBXFileReference; explicitFileType = wrapper.cfbundle; includeInIndex = 0; path = "KjobTests-macOS.xctest"; sourceTree = BUILT_PRODUCTS_DIR; };
		277506E61DBD00D10082A6BA /* KjobTests-tvOS.xctest */ = {isa = PBXFileReference; explicitFileType = wrapper.cfbundle; includeInIndex = 0; path = "KjobTests-tvOS.xctest"; sourceTree = BUILT_PRODUCTS_DIR; };
		2794A7DE1D96A8C30019F294 /* Kjob.framework */ = {isa = PBXFileReference; explicitFileType = wrapper.framework; includeInIndex = 0; path = Kjob.framework; sourceTree = BUILT_PRODUCTS_DIR; };
		2794A7EC1D96A8FB0019F294 /* Kjob.framework */ = {isa = PBXFileReference; explicitFileType = wrapper.framework; includeInIndex = 0; path = Kjob.framework; sourceTree = BUILT_PRODUCTS_DIR; };
		2794A7F91D96A93A0019F294 /* Kjob.framework */ = {isa = PBXFileReference; explicitFileType = wrapper.framework; includeInIndex = 0; path = Kjob.framework; sourceTree = BUILT_PRODUCTS_DIR; };
		2794A8061D96A95E0019F294 /* Kjob.framework */ = {isa = PBXFileReference; explicitFileType = wrapper.framework; includeInIndex = 0; path = Kjob.framework; sourceTree = BUILT_PRODUCTS_DIR; };
		2794A80F1D96AC130019F294 /* Info-iOS.plist */ = {isa = PBXFileReference; lastKnownFileType = text.plist.xml; path = "Info-iOS.plist"; sourceTree = "<group>"; };
		2794A8101D96AC130019F294 /* Info-macOS.plist */ = {isa = PBXFileReference; lastKnownFileType = text.plist.xml; path = "Info-macOS.plist"; sourceTree = "<group>"; };
		2794A8111D96AC130019F294 /* Info-tvOS.plist */ = {isa = PBXFileReference; lastKnownFileType = text.plist.xml; path = "Info-tvOS.plist"; sourceTree = "<group>"; };
		2794A8121D96AC130019F294 /* Info-watchOS.plist */ = {isa = PBXFileReference; lastKnownFileType = text.plist.xml; path = "Info-watchOS.plist"; sourceTree = "<group>"; };
		2794A8131D96AFAF0019F294 /* Kjob.h */ = {isa = PBXFileReference; fileEncoding = 4; lastKnownFileType = sourcecode.c.h; path = Kjob.h; sourceTree = "<group>"; };
		2794A8181D96B1600019F294 /* Action.swift */ = {isa = PBXFileReference; fileEncoding = 4; lastKnownFileType = sourcecode.swift; path = Action.swift; sourceTree = "<group>"; };
		2794A8191D96B1600019F294 /* Command.swift */ = {isa = PBXFileReference; fileEncoding = 4; lastKnownFileType = sourcecode.swift; path = Command.swift; sourceTree = "<group>"; };
		2794A81A1D96B1600019F294 /* Job.swift */ = {isa = PBXFileReference; fileEncoding = 4; lastKnownFileType = sourcecode.swift; path = Job.swift; sourceTree = "<group>"; };
		2794A81C1D96B1600019F294 /* JobState.swift */ = {isa = PBXFileReference; fileEncoding = 4; lastKnownFileType = sourcecode.swift; path = JobState.swift; sourceTree = "<group>"; };
		2794A81D1D96B1600019F294 /* Logger.swift */ = {isa = PBXFileReference; fileEncoding = 4; lastKnownFileType = sourcecode.swift; path = Logger.swift; sourceTree = "<group>"; };
		2794A81E1D96B1600019F294 /* Shell.swift */ = {isa = PBXFileReference; fileEncoding = 4; lastKnownFileType = sourcecode.swift; path = Shell.swift; sourceTree = "<group>"; };
		2794A81F1D96B1600019F294 /* Worker.swift */ = {isa = PBXFileReference; fileEncoding = 4; lastKnownFileType = sourcecode.swift; path = Worker.swift; sourceTree = "<group>"; };
		2794A86E1D96B9990019F294 /* JobTest.swift */ = {isa = PBXFileReference; fileEncoding = 4; lastKnownFileType = sourcecode.swift; path = JobTest.swift; sourceTree = "<group>"; };
/* End PBXFileReference section */

/* Begin PBXFrameworksBuildPhase section */
		277506C51DBD008F0082A6BA /* Frameworks */ = {
			isa = PBXFrameworksBuildPhase;
			buildActionMask = 2147483647;
			files = (
				277506CD1DBD008F0082A6BA /* Kjob.framework in Frameworks */,
			);
			runOnlyForDeploymentPostprocessing = 0;
		};
		277506D41DBD00B40082A6BA /* Frameworks */ = {
			isa = PBXFrameworksBuildPhase;
			buildActionMask = 2147483647;
			files = (
				277506DC1DBD00B40082A6BA /* Kjob.framework in Frameworks */,
			);
			runOnlyForDeploymentPostprocessing = 0;
		};
		277506E31DBD00D10082A6BA /* Frameworks */ = {
			isa = PBXFrameworksBuildPhase;
			buildActionMask = 2147483647;
			files = (
				277506EB1DBD00D20082A6BA /* Kjob.framework in Frameworks */,
			);
			runOnlyForDeploymentPostprocessing = 0;
		};
		2794A7DA1D96A8C30019F294 /* Frameworks */ = {
			isa = PBXFrameworksBuildPhase;
			buildActionMask = 2147483647;
			files = (
			);
			runOnlyForDeploymentPostprocessing = 0;
		};
		2794A7E81D96A8FB0019F294 /* Frameworks */ = {
			isa = PBXFrameworksBuildPhase;
			buildActionMask = 2147483647;
			files = (
			);
			runOnlyForDeploymentPostprocessing = 0;
		};
		2794A7F51D96A93A0019F294 /* Frameworks */ = {
			isa = PBXFrameworksBuildPhase;
			buildActionMask = 2147483647;
			files = (
			);
			runOnlyForDeploymentPostprocessing = 0;
		};
		2794A8021D96A95E0019F294 /* Frameworks */ = {
			isa = PBXFrameworksBuildPhase;
			buildActionMask = 2147483647;
			files = (
			);
			runOnlyForDeploymentPostprocessing = 0;
		};
/* End PBXFrameworksBuildPhase section */

/* Begin PBXGroup section */
		2794A7D21D96A7E90019F294 = {
			isa = PBXGroup;
			children = (
				27578D851D97EE2000363E74 /* LICENSE */,
				27578D861D97EE2000363E74 /* README.md */,
				2794A80E1D96A9DF0019F294 /* Sources */,
				2794A86D1D96B97D0019F294 /* Tests */,
				2794A7DF1D96A8C30019F294 /* Products */,
			);
			sourceTree = "<group>";
		};
		2794A7DF1D96A8C30019F294 /* Products */ = {
			isa = PBXGroup;
			children = (
				2794A7DE1D96A8C30019F294 /* Kjob.framework */,
				2794A7EC1D96A8FB0019F294 /* Kjob.framework */,
				2794A7F91D96A93A0019F294 /* Kjob.framework */,
				2794A8061D96A95E0019F294 /* Kjob.framework */,
				277506C81DBD008F0082A6BA /* KjobTests-iOS.xctest */,
				277506D71DBD00B40082A6BA /* KjobTests-macOS.xctest */,
				277506E61DBD00D10082A6BA /* KjobTests-tvOS.xctest */,
			);
			name = Products;
			sourceTree = "<group>";
		};
		2794A80E1D96A9DF0019F294 /* Sources */ = {
			isa = PBXGroup;
			children = (
				2794A80F1D96AC130019F294 /* Info-iOS.plist */,
				2794A8101D96AC130019F294 /* Info-macOS.plist */,
				2794A8111D96AC130019F294 /* Info-tvOS.plist */,
				2794A8121D96AC130019F294 /* Info-watchOS.plist */,
				2794A8131D96AFAF0019F294 /* Kjob.h */,
				2794A8181D96B1600019F294 /* Action.swift */,
				2794A8191D96B1600019F294 /* Command.swift */,
				2794A81A1D96B1600019F294 /* Job.swift */,
				2794A81C1D96B1600019F294 /* JobState.swift */,
				2794A81D1D96B1600019F294 /* Logger.swift */,
				2794A81E1D96B1600019F294 /* Shell.swift */,
				2794A81F1D96B1600019F294 /* Worker.swift */,
			);
			path = Sources;
			sourceTree = "<group>";
		};
		2794A86D1D96B97D0019F294 /* Tests */ = {
			isa = PBXGroup;
			children = (
				27578D7C1D97E5A100363E74 /* Info-iOS.plist */,
				27578D7E1D97E64700363E74 /* Info-macOS.plist */,
				27578D801D97E65200363E74 /* Info-tvOS.plist */,
				2794A86E1D96B9990019F294 /* JobTest.swift */,
			);
			path = Tests;
			sourceTree = "<group>";
		};
/* End PBXGroup section */

/* Begin PBXHeadersBuildPhase section */
		2794A7DB1D96A8C30019F294 /* Headers */ = {
			isa = PBXHeadersBuildPhase;
			buildActionMask = 2147483647;
			files = (
				2794A8141D96AFAF0019F294 /* Kjob.h in Headers */,
			);
			runOnlyForDeploymentPostprocessing = 0;
		};
		2794A7E91D96A8FB0019F294 /* Headers */ = {
			isa = PBXHeadersBuildPhase;
			buildActionMask = 2147483647;
			files = (
				2794A8151D96AFAF0019F294 /* Kjob.h in Headers */,
			);
			runOnlyForDeploymentPostprocessing = 0;
		};
		2794A7F61D96A93A0019F294 /* Headers */ = {
			isa = PBXHeadersBuildPhase;
			buildActionMask = 2147483647;
			files = (
				2794A8161D96AFAF0019F294 /* Kjob.h in Headers */,
			);
			runOnlyForDeploymentPostprocessing = 0;
		};
		2794A8031D96A95E0019F294 /* Headers */ = {
			isa = PBXHeadersBuildPhase;
			buildActionMask = 2147483647;
			files = (
				2794A8171D96AFAF0019F294 /* Kjob.h in Headers */,
			);
			runOnlyForDeploymentPostprocessing = 0;
		};
/* End PBXHeadersBuildPhase section */

/* Begin PBXNativeTarget section */
		277506C71DBD008F0082A6BA /* KjobTests-iOS */ = {
			isa = PBXNativeTarget;
			buildConfigurationList = 277506D01DBD008F0082A6BA /* Build configuration list for PBXNativeTarget "KjobTests-iOS" */;
			buildPhases = (
				277506C41DBD008F0082A6BA /* Sources */,
				277506C51DBD008F0082A6BA /* Frameworks */,
				277506C61DBD008F0082A6BA /* Resources */,
			);
			buildRules = (
			);
			dependencies = (
				277506CF1DBD008F0082A6BA /* PBXTargetDependency */,
			);
			name = "KjobTests-iOS";
			productName = "KjobTests-iOS";
			productReference = 277506C81DBD008F0082A6BA /* KjobTests-iOS.xctest */;
			productType = "com.apple.product-type.bundle.unit-test";
		};
		277506D61DBD00B40082A6BA /* KjobTests-macOS */ = {
			isa = PBXNativeTarget;
			buildConfigurationList = 277506DF1DBD00B40082A6BA /* Build configuration list for PBXNativeTarget "KjobTests-macOS" */;
			buildPhases = (
				277506D31DBD00B40082A6BA /* Sources */,
				277506D41DBD00B40082A6BA /* Frameworks */,
				277506D51DBD00B40082A6BA /* Resources */,
			);
			buildRules = (
			);
			dependencies = (
				277506DE1DBD00B40082A6BA /* PBXTargetDependency */,
			);
			name = "KjobTests-macOS";
			productName = "KjobTests-macOS";
			productReference = 277506D71DBD00B40082A6BA /* KjobTests-macOS.xctest */;
			productType = "com.apple.product-type.bundle.unit-test";
		};
		277506E51DBD00D10082A6BA /* KjobTests-tvOS */ = {
			isa = PBXNativeTarget;
			buildConfigurationList = 277506EE1DBD00D20082A6BA /* Build configuration list for PBXNativeTarget "KjobTests-tvOS" */;
			buildPhases = (
				277506E21DBD00D10082A6BA /* Sources */,
				277506E31DBD00D10082A6BA /* Frameworks */,
				277506E41DBD00D10082A6BA /* Resources */,
			);
			buildRules = (
			);
			dependencies = (
				277506ED1DBD00D20082A6BA /* PBXTargetDependency */,
			);
			name = "KjobTests-tvOS";
			productName = "KjobTests-tvOS";
			productReference = 277506E61DBD00D10082A6BA /* KjobTests-tvOS.xctest */;
			productType = "com.apple.product-type.bundle.unit-test";
		};
		2794A7DD1D96A8C30019F294 /* Kjob-iOS */ = {
			isa = PBXNativeTarget;
			buildConfigurationList = 2794A7E41D96A8C30019F294 /* Build configuration list for PBXNativeTarget "Kjob-iOS" */;
			buildPhases = (
				2794A7D91D96A8C30019F294 /* Sources */,
				2794A7DA1D96A8C30019F294 /* Frameworks */,
				2794A7DB1D96A8C30019F294 /* Headers */,
				2794A7DC1D96A8C30019F294 /* Resources */,
			);
			buildRules = (
			);
			dependencies = (
			);
			name = "Kjob-iOS";
			productName = "Kjob-iOS";
			productReference = 2794A7DE1D96A8C30019F294 /* Kjob.framework */;
			productType = "com.apple.product-type.framework";
		};
		2794A7EB1D96A8FB0019F294 /* Kjob-macOS */ = {
			isa = PBXNativeTarget;
			buildConfigurationList = 2794A7F11D96A8FB0019F294 /* Build configuration list for PBXNativeTarget "Kjob-macOS" */;
			buildPhases = (
				2794A7E71D96A8FB0019F294 /* Sources */,
				2794A7E81D96A8FB0019F294 /* Frameworks */,
				2794A7E91D96A8FB0019F294 /* Headers */,
				2794A7EA1D96A8FB0019F294 /* Resources */,
			);
			buildRules = (
			);
			dependencies = (
			);
			name = "Kjob-macOS";
			productName = "Kjob-macOS";
			productReference = 2794A7EC1D96A8FB0019F294 /* Kjob.framework */;
			productType = "com.apple.product-type.framework";
		};
		2794A7F81D96A93A0019F294 /* Kjob-tvOS */ = {
			isa = PBXNativeTarget;
			buildConfigurationList = 2794A7FE1D96A93A0019F294 /* Build configuration list for PBXNativeTarget "Kjob-tvOS" */;
			buildPhases = (
				2794A7F41D96A93A0019F294 /* Sources */,
				2794A7F51D96A93A0019F294 /* Frameworks */,
				2794A7F61D96A93A0019F294 /* Headers */,
				2794A7F71D96A93A0019F294 /* Resources */,
			);
			buildRules = (
			);
			dependencies = (
			);
			name = "Kjob-tvOS";
			productName = "Kjob-tvOS";
			productReference = 2794A7F91D96A93A0019F294 /* Kjob.framework */;
			productType = "com.apple.product-type.framework";
		};
		2794A8051D96A95E0019F294 /* Kjob-watchOS */ = {
			isa = PBXNativeTarget;
			buildConfigurationList = 2794A80B1D96A95E0019F294 /* Build configuration list for PBXNativeTarget "Kjob-watchOS" */;
			buildPhases = (
				2794A8011D96A95E0019F294 /* Sources */,
				2794A8021D96A95E0019F294 /* Frameworks */,
				2794A8031D96A95E0019F294 /* Headers */,
				2794A8041D96A95E0019F294 /* Resources */,
			);
			buildRules = (
			);
			dependencies = (
			);
			name = "Kjob-watchOS";
			productName = "Kjob-watchOS";
			productReference = 2794A8061D96A95E0019F294 /* Kjob.framework */;
			productType = "com.apple.product-type.framework";
		};
/* End PBXNativeTarget section */

/* Begin PBXProject section */
		2794A7D31D96A7E90019F294 /* Project object */ = {
			isa = PBXProject;
			attributes = {
				LastSwiftUpdateCheck = 0800;
				LastUpgradeCheck = 0800;
				TargetAttributes = {
					277506C71DBD008F0082A6BA = {
						CreatedOnToolsVersion = 8.0;
						ProvisioningStyle = Automatic;
					};
					277506D61DBD00B40082A6BA = {
						CreatedOnToolsVersion = 8.0;
						ProvisioningStyle = Automatic;
					};
					277506E51DBD00D10082A6BA = {
						CreatedOnToolsVersion = 8.0;
						ProvisioningStyle = Automatic;
					};
					2794A7DD1D96A8C30019F294 = {
						CreatedOnToolsVersion = 8.0;
						LastSwiftMigration = 0800;
						ProvisioningStyle = Automatic;
					};
					2794A7EB1D96A8FB0019F294 = {
						CreatedOnToolsVersion = 8.0;
						LastSwiftMigration = 0800;
						ProvisioningStyle = Automatic;
					};
					2794A7F81D96A93A0019F294 = {
						CreatedOnToolsVersion = 8.0;
						LastSwiftMigration = 0800;
						ProvisioningStyle = Automatic;
					};
					2794A8051D96A95E0019F294 = {
						CreatedOnToolsVersion = 8.0;
						LastSwiftMigration = 0800;
						ProvisioningStyle = Automatic;
					};
				};
			};
			buildConfigurationList = 2794A7D61D96A7E90019F294 /* Build configuration list for PBXProject "Kjob" */;
			compatibilityVersion = "Xcode 3.2";
			developmentRegion = English;
			hasScannedForEncodings = 0;
			knownRegions = (
				en,
			);
			mainGroup = 2794A7D21D96A7E90019F294;
			productRefGroup = 2794A7DF1D96A8C30019F294 /* Products */;
			projectDirPath = "";
			projectRoot = "";
			targets = (
				2794A7DD1D96A8C30019F294 /* Kjob-iOS */,
				2794A7EB1D96A8FB0019F294 /* Kjob-macOS */,
				2794A7F81D96A93A0019F294 /* Kjob-tvOS */,
				2794A8051D96A95E0019F294 /* Kjob-watchOS */,
				277506C71DBD008F0082A6BA /* KjobTests-iOS */,
				277506D61DBD00B40082A6BA /* KjobTests-macOS */,
				277506E51DBD00D10082A6BA /* KjobTests-tvOS */,
			);
		};
/* End PBXProject section */

/* Begin PBXResourcesBuildPhase section */
		277506C61DBD008F0082A6BA /* Resources */ = {
			isa = PBXResourcesBuildPhase;
			buildActionMask = 2147483647;
			files = (
			);
			runOnlyForDeploymentPostprocessing = 0;
		};
		277506D51DBD00B40082A6BA /* Resources */ = {
			isa = PBXResourcesBuildPhase;
			buildActionMask = 2147483647;
			files = (
			);
			runOnlyForDeploymentPostprocessing = 0;
		};
		277506E41DBD00D10082A6BA /* Resources */ = {
			isa = PBXResourcesBuildPhase;
			buildActionMask = 2147483647;
			files = (
			);
			runOnlyForDeploymentPostprocessing = 0;
		};
		2794A7DC1D96A8C30019F294 /* Resources */ = {
			isa = PBXResourcesBuildPhase;
			buildActionMask = 2147483647;
			files = (
			);
			runOnlyForDeploymentPostprocessing = 0;
		};
		2794A7EA1D96A8FB0019F294 /* Resources */ = {
			isa = PBXResourcesBuildPhase;
			buildActionMask = 2147483647;
			files = (
			);
			runOnlyForDeploymentPostprocessing = 0;
		};
		2794A7F71D96A93A0019F294 /* Resources */ = {
			isa = PBXResourcesBuildPhase;
			buildActionMask = 2147483647;
			files = (
			);
			runOnlyForDeploymentPostprocessing = 0;
		};
		2794A8041D96A95E0019F294 /* Resources */ = {
			isa = PBXResourcesBuildPhase;
			buildActionMask = 2147483647;
			files = (
			);
			runOnlyForDeploymentPostprocessing = 0;
		};
/* End PBXResourcesBuildPhase section */

/* Begin PBXSourcesBuildPhase section */
		277506C41DBD008F0082A6BA /* Sources */ = {
			isa = PBXSourcesBuildPhase;
			buildActionMask = 2147483647;
			files = (
				277506F11DBD00E50082A6BA /* JobTest.swift in Sources */,
			);
			runOnlyForDeploymentPostprocessing = 0;
		};
		277506D31DBD00B40082A6BA /* Sources */ = {
			isa = PBXSourcesBuildPhase;
			buildActionMask = 2147483647;
			files = (
				277506F21DBD00E50082A6BA /* JobTest.swift in Sources */,
			);
			runOnlyForDeploymentPostprocessing = 0;
		};
		277506E21DBD00D10082A6BA /* Sources */ = {
			isa = PBXSourcesBuildPhase;
			buildActionMask = 2147483647;
			files = (
				277506F31DBD00E60082A6BA /* JobTest.swift in Sources */,
			);
			runOnlyForDeploymentPostprocessing = 0;
		};
		2794A7D91D96A8C30019F294 /* Sources */ = {
			isa = PBXSourcesBuildPhase;
			buildActionMask = 2147483647;
			files = (
				2794A8381D96B1600019F294 /* Shell.swift in Sources */,
				2794A8341D96B1600019F294 /* Logger.swift in Sources */,
				2794A8201D96B1600019F294 /* Action.swift in Sources */,
				2794A8301D96B1600019F294 /* JobState.swift in Sources */,
				2794A8281D96B1600019F294 /* Job.swift in Sources */,
				2794A8241D96B1600019F294 /* Command.swift in Sources */,
				2794A83C1D96B1600019F294 /* Worker.swift in Sources */,
			);
			runOnlyForDeploymentPostprocessing = 0;
		};
		2794A7E71D96A8FB0019F294 /* Sources */ = {
			isa = PBXSourcesBuildPhase;
			buildActionMask = 2147483647;
			files = (
				2794A8391D96B1600019F294 /* Shell.swift in Sources */,
				2794A8351D96B1600019F294 /* Logger.swift in Sources */,
				2794A8211D96B1600019F294 /* Action.swift in Sources */,
				2794A8311D96B1600019F294 /* JobState.swift in Sources */,
				2794A8291D96B1600019F294 /* Job.swift in Sources */,
				2794A8251D96B1600019F294 /* Command.swift in Sources */,
				2794A83D1D96B1600019F294 /* Worker.swift in Sources */,
			);
			runOnlyForDeploymentPostprocessing = 0;
		};
		2794A7F41D96A93A0019F294 /* Sources */ = {
			isa = PBXSourcesBuildPhase;
			buildActionMask = 2147483647;
			files = (
				2794A83A1D96B1600019F294 /* Shell.swift in Sources */,
				2794A8361D96B1600019F294 /* Logger.swift in Sources */,
				2794A8221D96B1600019F294 /* Action.swift in Sources */,
				2794A8321D96B1600019F294 /* JobState.swift in Sources */,
				2794A82A1D96B1600019F294 /* Job.swift in Sources */,
				2794A8261D96B1600019F294 /* Command.swift in Sources */,
				2794A83E1D96B1600019F294 /* Worker.swift in Sources */,
			);
			runOnlyForDeploymentPostprocessing = 0;
		};
		2794A8011D96A95E0019F294 /* Sources */ = {
			isa = PBXSourcesBuildPhase;
			buildActionMask = 2147483647;
			files = (
				2794A83B1D96B1600019F294 /* Shell.swift in Sources */,
				2794A8371D96B1600019F294 /* Logger.swift in Sources */,
				2794A8231D96B1600019F294 /* Action.swift in Sources */,
				2794A8331D96B1600019F294 /* JobState.swift in Sources */,
				2794A82B1D96B1600019F294 /* Job.swift in Sources */,
				2794A8271D96B1600019F294 /* Command.swift in Sources */,
				2794A83F1D96B1600019F294 /* Worker.swift in Sources */,
			);
			runOnlyForDeploymentPostprocessing = 0;
		};
/* End PBXSourcesBuildPhase section */

/* Begin PBXTargetDependency section */
		277506CF1DBD008F0082A6BA /* PBXTargetDependency */ = {
			isa = PBXTargetDependency;
			target = 2794A7DD1D96A8C30019F294 /* Kjob-iOS */;
			targetProxy = 277506CE1DBD008F0082A6BA /* PBXContainerItemProxy */;
		};
		277506DE1DBD00B40082A6BA /* PBXTargetDependency */ = {
			isa = PBXTargetDependency;
			target = 2794A7EB1D96A8FB0019F294 /* Kjob-macOS */;
			targetProxy = 277506DD1DBD00B40082A6BA /* PBXContainerItemProxy */;
		};
		277506ED1DBD00D20082A6BA /* PBXTargetDependency */ = {
			isa = PBXTargetDependency;
			target = 2794A7F81D96A93A0019F294 /* Kjob-tvOS */;
			targetProxy = 277506EC1DBD00D20082A6BA /* PBXContainerItemProxy */;
		};
/* End PBXTargetDependency section */

/* Begin XCBuildConfiguration section */
		277506D11DBD008F0082A6BA /* Debug */ = {
			isa = XCBuildConfiguration;
			buildSettings = {
				ALWAYS_SEARCH_USER_PATHS = NO;
				CLANG_ANALYZER_NONNULL = YES;
				CLANG_CXX_LANGUAGE_STANDARD = "gnu++0x";
				CLANG_CXX_LIBRARY = "libc++";
				CLANG_ENABLE_MODULES = YES;
				CLANG_ENABLE_OBJC_ARC = YES;
				CLANG_WARN_BOOL_CONVERSION = YES;
				CLANG_WARN_CONSTANT_CONVERSION = YES;
				CLANG_WARN_DIRECT_OBJC_ISA_USAGE = YES_ERROR;
				CLANG_WARN_DOCUMENTATION_COMMENTS = YES;
				CLANG_WARN_EMPTY_BODY = YES;
				CLANG_WARN_ENUM_CONVERSION = YES;
				CLANG_WARN_INFINITE_RECURSION = YES;
				CLANG_WARN_INT_CONVERSION = YES;
				CLANG_WARN_OBJC_ROOT_CLASS = YES_ERROR;
				CLANG_WARN_SUSPICIOUS_MOVES = YES;
				CLANG_WARN_UNREACHABLE_CODE = YES;
				CLANG_WARN__DUPLICATE_METHOD_MATCH = YES;
				"CODE_SIGN_IDENTITY[sdk=iphoneos*]" = "iPhone Developer";
				COPY_PHASE_STRIP = NO;
				DEBUG_INFORMATION_FORMAT = dwarf;
				ENABLE_STRICT_OBJC_MSGSEND = YES;
				ENABLE_TESTABILITY = YES;
				GCC_C_LANGUAGE_STANDARD = gnu99;
				GCC_DYNAMIC_NO_PIC = NO;
				GCC_NO_COMMON_BLOCKS = YES;
				GCC_OPTIMIZATION_LEVEL = 0;
				GCC_PREPROCESSOR_DEFINITIONS = (
					"DEBUG=1",
					"$(inherited)",
				);
				GCC_WARN_64_TO_32_BIT_CONVERSION = YES;
				GCC_WARN_ABOUT_RETURN_TYPE = YES_ERROR;
				GCC_WARN_UNDECLARED_SELECTOR = YES;
				GCC_WARN_UNINITIALIZED_AUTOS = YES_AGGRESSIVE;
				GCC_WARN_UNUSED_FUNCTION = YES;
				GCC_WARN_UNUSED_VARIABLE = YES;
				INFOPLIST_FILE = "Tests/Info-iOS.plist";
				LD_RUNPATH_SEARCH_PATHS = "$(inherited) @executable_path/Frameworks @loader_path/Frameworks";
				MTL_ENABLE_DEBUG_INFO = YES;
				ONLY_ACTIVE_ARCH = YES;
				PRODUCT_BUNDLE_IDENTIFIER = "com.kashesoft.KjobTests-iOS";
				PRODUCT_NAME = "$(TARGET_NAME)";
				SDKROOT = iphoneos;
				SWIFT_ACTIVE_COMPILATION_CONDITIONS = DEBUG;
				SWIFT_OPTIMIZATION_LEVEL = "-Onone";
				SWIFT_VERSION = 3.0;
			};
			name = Debug;
		};
		277506D21DBD008F0082A6BA /* Release */ = {
			isa = XCBuildConfiguration;
			buildSettings = {
				ALWAYS_SEARCH_USER_PATHS = NO;
				CLANG_ANALYZER_NONNULL = YES;
				CLANG_CXX_LANGUAGE_STANDARD = "gnu++0x";
				CLANG_CXX_LIBRARY = "libc++";
				CLANG_ENABLE_MODULES = YES;
				CLANG_ENABLE_OBJC_ARC = YES;
				CLANG_WARN_BOOL_CONVERSION = YES;
				CLANG_WARN_CONSTANT_CONVERSION = YES;
				CLANG_WARN_DIRECT_OBJC_ISA_USAGE = YES_ERROR;
				CLANG_WARN_DOCUMENTATION_COMMENTS = YES;
				CLANG_WARN_EMPTY_BODY = YES;
				CLANG_WARN_ENUM_CONVERSION = YES;
				CLANG_WARN_INFINITE_RECURSION = YES;
				CLANG_WARN_INT_CONVERSION = YES;
				CLANG_WARN_OBJC_ROOT_CLASS = YES_ERROR;
				CLANG_WARN_SUSPICIOUS_MOVES = YES;
				CLANG_WARN_UNREACHABLE_CODE = YES;
				CLANG_WARN__DUPLICATE_METHOD_MATCH = YES;
				"CODE_SIGN_IDENTITY[sdk=iphoneos*]" = "iPhone Developer";
				COPY_PHASE_STRIP = NO;
				DEBUG_INFORMATION_FORMAT = "dwarf-with-dsym";
				ENABLE_NS_ASSERTIONS = NO;
				ENABLE_STRICT_OBJC_MSGSEND = YES;
				GCC_C_LANGUAGE_STANDARD = gnu99;
				GCC_NO_COMMON_BLOCKS = YES;
				GCC_WARN_64_TO_32_BIT_CONVERSION = YES;
				GCC_WARN_ABOUT_RETURN_TYPE = YES_ERROR;
				GCC_WARN_UNDECLARED_SELECTOR = YES;
				GCC_WARN_UNINITIALIZED_AUTOS = YES_AGGRESSIVE;
				GCC_WARN_UNUSED_FUNCTION = YES;
				GCC_WARN_UNUSED_VARIABLE = YES;
				INFOPLIST_FILE = "Tests/Info-iOS.plist";
				LD_RUNPATH_SEARCH_PATHS = "$(inherited) @executable_path/Frameworks @loader_path/Frameworks";
				MTL_ENABLE_DEBUG_INFO = NO;
				PRODUCT_BUNDLE_IDENTIFIER = "com.kashesoft.KjobTests-iOS";
				PRODUCT_NAME = "$(TARGET_NAME)";
				SDKROOT = iphoneos;
				SWIFT_OPTIMIZATION_LEVEL = "-Owholemodule";
				SWIFT_VERSION = 3.0;
				VALIDATE_PRODUCT = YES;
			};
			name = Release;
		};
		277506E01DBD00B40082A6BA /* Debug */ = {
			isa = XCBuildConfiguration;
			buildSettings = {
				ALWAYS_SEARCH_USER_PATHS = NO;
				CLANG_ANALYZER_NONNULL = YES;
				CLANG_CXX_LANGUAGE_STANDARD = "gnu++0x";
				CLANG_CXX_LIBRARY = "libc++";
				CLANG_ENABLE_MODULES = YES;
				CLANG_ENABLE_OBJC_ARC = YES;
				CLANG_WARN_BOOL_CONVERSION = YES;
				CLANG_WARN_CONSTANT_CONVERSION = YES;
				CLANG_WARN_DIRECT_OBJC_ISA_USAGE = YES_ERROR;
				CLANG_WARN_DOCUMENTATION_COMMENTS = YES;
				CLANG_WARN_EMPTY_BODY = YES;
				CLANG_WARN_ENUM_CONVERSION = YES;
				CLANG_WARN_INFINITE_RECURSION = YES;
				CLANG_WARN_INT_CONVERSION = YES;
				CLANG_WARN_OBJC_ROOT_CLASS = YES_ERROR;
				CLANG_WARN_SUSPICIOUS_MOVES = YES;
				CLANG_WARN_UNREACHABLE_CODE = YES;
				CLANG_WARN__DUPLICATE_METHOD_MATCH = YES;
				CODE_SIGN_IDENTITY = "-";
				COMBINE_HIDPI_IMAGES = YES;
				COPY_PHASE_STRIP = NO;
				DEBUG_INFORMATION_FORMAT = dwarf;
				ENABLE_STRICT_OBJC_MSGSEND = YES;
				ENABLE_TESTABILITY = YES;
				GCC_C_LANGUAGE_STANDARD = gnu99;
				GCC_DYNAMIC_NO_PIC = NO;
				GCC_NO_COMMON_BLOCKS = YES;
				GCC_OPTIMIZATION_LEVEL = 0;
				GCC_PREPROCESSOR_DEFINITIONS = (
					"DEBUG=1",
					"$(inherited)",
				);
				GCC_WARN_64_TO_32_BIT_CONVERSION = YES;
				GCC_WARN_ABOUT_RETURN_TYPE = YES_ERROR;
				GCC_WARN_UNDECLARED_SELECTOR = YES;
				GCC_WARN_UNINITIALIZED_AUTOS = YES_AGGRESSIVE;
				GCC_WARN_UNUSED_FUNCTION = YES;
				GCC_WARN_UNUSED_VARIABLE = YES;
				INFOPLIST_FILE = "Tests/Info-macOS.plist";
				LD_RUNPATH_SEARCH_PATHS = "$(inherited) @executable_path/../Frameworks @loader_path/../Frameworks";
				MTL_ENABLE_DEBUG_INFO = YES;
				ONLY_ACTIVE_ARCH = YES;
				PRODUCT_BUNDLE_IDENTIFIER = "com.kashesoft.KjobTests-macOS";
				PRODUCT_NAME = "$(TARGET_NAME)";
				SDKROOT = macosx;
				SWIFT_ACTIVE_COMPILATION_CONDITIONS = DEBUG;
				SWIFT_OPTIMIZATION_LEVEL = "-Onone";
				SWIFT_VERSION = 3.0;
			};
			name = Debug;
		};
		277506E11DBD00B40082A6BA /* Release */ = {
			isa = XCBuildConfiguration;
			buildSettings = {
				ALWAYS_SEARCH_USER_PATHS = NO;
				CLANG_ANALYZER_NONNULL = YES;
				CLANG_CXX_LANGUAGE_STANDARD = "gnu++0x";
				CLANG_CXX_LIBRARY = "libc++";
				CLANG_ENABLE_MODULES = YES;
				CLANG_ENABLE_OBJC_ARC = YES;
				CLANG_WARN_BOOL_CONVERSION = YES;
				CLANG_WARN_CONSTANT_CONVERSION = YES;
				CLANG_WARN_DIRECT_OBJC_ISA_USAGE = YES_ERROR;
				CLANG_WARN_DOCUMENTATION_COMMENTS = YES;
				CLANG_WARN_EMPTY_BODY = YES;
				CLANG_WARN_ENUM_CONVERSION = YES;
				CLANG_WARN_INFINITE_RECURSION = YES;
				CLANG_WARN_INT_CONVERSION = YES;
				CLANG_WARN_OBJC_ROOT_CLASS = YES_ERROR;
				CLANG_WARN_SUSPICIOUS_MOVES = YES;
				CLANG_WARN_UNREACHABLE_CODE = YES;
				CLANG_WARN__DUPLICATE_METHOD_MATCH = YES;
				CODE_SIGN_IDENTITY = "-";
				COMBINE_HIDPI_IMAGES = YES;
				COPY_PHASE_STRIP = NO;
				DEBUG_INFORMATION_FORMAT = "dwarf-with-dsym";
				ENABLE_NS_ASSERTIONS = NO;
				ENABLE_STRICT_OBJC_MSGSEND = YES;
				GCC_C_LANGUAGE_STANDARD = gnu99;
				GCC_NO_COMMON_BLOCKS = YES;
				GCC_WARN_64_TO_32_BIT_CONVERSION = YES;
				GCC_WARN_ABOUT_RETURN_TYPE = YES_ERROR;
				GCC_WARN_UNDECLARED_SELECTOR = YES;
				GCC_WARN_UNINITIALIZED_AUTOS = YES_AGGRESSIVE;
				GCC_WARN_UNUSED_FUNCTION = YES;
				GCC_WARN_UNUSED_VARIABLE = YES;
				INFOPLIST_FILE = "Tests/Info-macOS.plist";
				LD_RUNPATH_SEARCH_PATHS = "$(inherited) @executable_path/../Frameworks @loader_path/../Frameworks";
				MTL_ENABLE_DEBUG_INFO = NO;
				PRODUCT_BUNDLE_IDENTIFIER = "com.kashesoft.KjobTests-macOS";
				PRODUCT_NAME = "$(TARGET_NAME)";
				SDKROOT = macosx;
				SWIFT_OPTIMIZATION_LEVEL = "-Owholemodule";
				SWIFT_VERSION = 3.0;
			};
			name = Release;
		};
		277506EF1DBD00D20082A6BA /* Debug */ = {
			isa = XCBuildConfiguration;
			buildSettings = {
				ALWAYS_SEARCH_USER_PATHS = NO;
				CLANG_ANALYZER_NONNULL = YES;
				CLANG_CXX_LANGUAGE_STANDARD = "gnu++0x";
				CLANG_CXX_LIBRARY = "libc++";
				CLANG_ENABLE_MODULES = YES;
				CLANG_ENABLE_OBJC_ARC = YES;
				CLANG_WARN_BOOL_CONVERSION = YES;
				CLANG_WARN_CONSTANT_CONVERSION = YES;
				CLANG_WARN_DIRECT_OBJC_ISA_USAGE = YES_ERROR;
				CLANG_WARN_DOCUMENTATION_COMMENTS = YES;
				CLANG_WARN_EMPTY_BODY = YES;
				CLANG_WARN_ENUM_CONVERSION = YES;
				CLANG_WARN_INFINITE_RECURSION = YES;
				CLANG_WARN_INT_CONVERSION = YES;
				CLANG_WARN_OBJC_ROOT_CLASS = YES_ERROR;
				CLANG_WARN_SUSPICIOUS_MOVES = YES;
				CLANG_WARN_UNREACHABLE_CODE = YES;
				CLANG_WARN__DUPLICATE_METHOD_MATCH = YES;
				COPY_PHASE_STRIP = NO;
				DEBUG_INFORMATION_FORMAT = dwarf;
				ENABLE_STRICT_OBJC_MSGSEND = YES;
				ENABLE_TESTABILITY = YES;
				GCC_C_LANGUAGE_STANDARD = gnu99;
				GCC_DYNAMIC_NO_PIC = NO;
				GCC_NO_COMMON_BLOCKS = YES;
				GCC_OPTIMIZATION_LEVEL = 0;
				GCC_PREPROCESSOR_DEFINITIONS = (
					"DEBUG=1",
					"$(inherited)",
				);
				GCC_WARN_64_TO_32_BIT_CONVERSION = YES;
				GCC_WARN_ABOUT_RETURN_TYPE = YES_ERROR;
				GCC_WARN_UNDECLARED_SELECTOR = YES;
				GCC_WARN_UNINITIALIZED_AUTOS = YES_AGGRESSIVE;
				GCC_WARN_UNUSED_FUNCTION = YES;
				GCC_WARN_UNUSED_VARIABLE = YES;
				INFOPLIST_FILE = "Tests/Info-tvOS.plist";
				LD_RUNPATH_SEARCH_PATHS = "$(inherited) @executable_path/Frameworks @loader_path/Frameworks";
				MTL_ENABLE_DEBUG_INFO = YES;
				ONLY_ACTIVE_ARCH = YES;
				PRODUCT_BUNDLE_IDENTIFIER = "com.kashesoft.KjobTests-tvOS";
				PRODUCT_NAME = "$(TARGET_NAME)";
				SDKROOT = appletvos;
				SWIFT_ACTIVE_COMPILATION_CONDITIONS = DEBUG;
				SWIFT_OPTIMIZATION_LEVEL = "-Onone";
				SWIFT_VERSION = 3.0;
			};
			name = Debug;
		};
		277506F01DBD00D20082A6BA /* Release */ = {
			isa = XCBuildConfiguration;
			buildSettings = {
				ALWAYS_SEARCH_USER_PATHS = NO;
				CLANG_ANALYZER_NONNULL = YES;
				CLANG_CXX_LANGUAGE_STANDARD = "gnu++0x";
				CLANG_CXX_LIBRARY = "libc++";
				CLANG_ENABLE_MODULES = YES;
				CLANG_ENABLE_OBJC_ARC = YES;
				CLANG_WARN_BOOL_CONVERSION = YES;
				CLANG_WARN_CONSTANT_CONVERSION = YES;
				CLANG_WARN_DIRECT_OBJC_ISA_USAGE = YES_ERROR;
				CLANG_WARN_DOCUMENTATION_COMMENTS = YES;
				CLANG_WARN_EMPTY_BODY = YES;
				CLANG_WARN_ENUM_CONVERSION = YES;
				CLANG_WARN_INFINITE_RECURSION = YES;
				CLANG_WARN_INT_CONVERSION = YES;
				CLANG_WARN_OBJC_ROOT_CLASS = YES_ERROR;
				CLANG_WARN_SUSPICIOUS_MOVES = YES;
				CLANG_WARN_UNREACHABLE_CODE = YES;
				CLANG_WARN__DUPLICATE_METHOD_MATCH = YES;
				COPY_PHASE_STRIP = NO;
				DEBUG_INFORMATION_FORMAT = "dwarf-with-dsym";
				ENABLE_NS_ASSERTIONS = NO;
				ENABLE_STRICT_OBJC_MSGSEND = YES;
				GCC_C_LANGUAGE_STANDARD = gnu99;
				GCC_NO_COMMON_BLOCKS = YES;
				GCC_WARN_64_TO_32_BIT_CONVERSION = YES;
				GCC_WARN_ABOUT_RETURN_TYPE = YES_ERROR;
				GCC_WARN_UNDECLARED_SELECTOR = YES;
				GCC_WARN_UNINITIALIZED_AUTOS = YES_AGGRESSIVE;
				GCC_WARN_UNUSED_FUNCTION = YES;
				GCC_WARN_UNUSED_VARIABLE = YES;
				INFOPLIST_FILE = "Tests/Info-tvOS.plist";
				LD_RUNPATH_SEARCH_PATHS = "$(inherited) @executable_path/Frameworks @loader_path/Frameworks";
				MTL_ENABLE_DEBUG_INFO = NO;
				PRODUCT_BUNDLE_IDENTIFIER = "com.kashesoft.KjobTests-tvOS";
				PRODUCT_NAME = "$(TARGET_NAME)";
				SDKROOT = appletvos;
				SWIFT_OPTIMIZATION_LEVEL = "-Owholemodule";
				SWIFT_VERSION = 3.0;
				VALIDATE_PRODUCT = YES;
			};
			name = Release;
		};
		2794A7D71D96A7E90019F294 /* Debug */ = {
			isa = XCBuildConfiguration;
			buildSettings = {
				APPLICATION_EXTENSION_API_ONLY = NO;
				IPHONEOS_DEPLOYMENT_TARGET = 10.0;
				MACOSX_DEPLOYMENT_TARGET = 10.12;
				TVOS_DEPLOYMENT_TARGET = 10.0;
				WATCHOS_DEPLOYMENT_TARGET = 3.0;
			};
			name = Debug;
		};
		2794A7D81D96A7E90019F294 /* Release */ = {
			isa = XCBuildConfiguration;
			buildSettings = {
				APPLICATION_EXTENSION_API_ONLY = NO;
				IPHONEOS_DEPLOYMENT_TARGET = 10.0;
				MACOSX_DEPLOYMENT_TARGET = 10.12;
				TVOS_DEPLOYMENT_TARGET = 10.0;
				WATCHOS_DEPLOYMENT_TARGET = 3.0;
			};
			name = Release;
		};
		2794A7E51D96A8C30019F294 /* Debug */ = {
			isa = XCBuildConfiguration;
			buildSettings = {
				ALWAYS_SEARCH_USER_PATHS = NO;
				CLANG_ANALYZER_NONNULL = YES;
				CLANG_CXX_LANGUAGE_STANDARD = "gnu++0x";
				CLANG_CXX_LIBRARY = "libc++";
				CLANG_ENABLE_MODULES = YES;
				CLANG_ENABLE_OBJC_ARC = YES;
				CLANG_WARN_BOOL_CONVERSION = YES;
				CLANG_WARN_CONSTANT_CONVERSION = YES;
				CLANG_WARN_DIRECT_OBJC_ISA_USAGE = YES_ERROR;
				CLANG_WARN_DOCUMENTATION_COMMENTS = YES;
				CLANG_WARN_EMPTY_BODY = YES;
				CLANG_WARN_ENUM_CONVERSION = YES;
				CLANG_WARN_INFINITE_RECURSION = YES;
				CLANG_WARN_INT_CONVERSION = YES;
				CLANG_WARN_OBJC_ROOT_CLASS = YES_ERROR;
				CLANG_WARN_SUSPICIOUS_MOVES = YES;
				CLANG_WARN_UNREACHABLE_CODE = YES;
				CLANG_WARN__DUPLICATE_METHOD_MATCH = YES;
				CODE_SIGN_IDENTITY = "";
				"CODE_SIGN_IDENTITY[sdk=iphoneos*]" = "iPhone Developer";
				COPY_PHASE_STRIP = NO;
				CURRENT_PROJECT_VERSION = 1;
				DEBUG_INFORMATION_FORMAT = dwarf;
				DEFINES_MODULE = YES;
				DYLIB_COMPATIBILITY_VERSION = 1;
				DYLIB_CURRENT_VERSION = 1;
				DYLIB_INSTALL_NAME_BASE = "@rpath";
				ENABLE_STRICT_OBJC_MSGSEND = YES;
				ENABLE_TESTABILITY = YES;
				GCC_C_LANGUAGE_STANDARD = gnu99;
				GCC_DYNAMIC_NO_PIC = NO;
				GCC_NO_COMMON_BLOCKS = YES;
				GCC_OPTIMIZATION_LEVEL = 0;
				GCC_PREPROCESSOR_DEFINITIONS = (
					"DEBUG=1",
					"$(inherited)",
				);
				GCC_WARN_64_TO_32_BIT_CONVERSION = YES;
				GCC_WARN_ABOUT_RETURN_TYPE = YES_ERROR;
				GCC_WARN_UNDECLARED_SELECTOR = YES;
				GCC_WARN_UNINITIALIZED_AUTOS = YES_AGGRESSIVE;
				GCC_WARN_UNUSED_FUNCTION = YES;
				GCC_WARN_UNUSED_VARIABLE = YES;
				INFOPLIST_FILE = "Sources/Info-iOS.plist";
				INSTALL_PATH = "$(LOCAL_LIBRARY_DIR)/Frameworks";
				IPHONEOS_DEPLOYMENT_TARGET = 10.0;
				LD_RUNPATH_SEARCH_PATHS = "$(inherited) @executable_path/Frameworks @loader_path/Frameworks";
				MTL_ENABLE_DEBUG_INFO = YES;
				ONLY_ACTIVE_ARCH = YES;
				PRODUCT_BUNDLE_IDENTIFIER = "com.kashesoft.Kjob-iOS";
				PRODUCT_NAME = Kjob;
				SDKROOT = iphoneos;
				SKIP_INSTALL = YES;
				SWIFT_ACTIVE_COMPILATION_CONDITIONS = DEBUG;
				SWIFT_OPTIMIZATION_LEVEL = "-Onone";
				SWIFT_VERSION = 3.0;
				TARGETED_DEVICE_FAMILY = "1,2";
				VERSIONING_SYSTEM = "apple-generic";
				VERSION_INFO_PREFIX = "";
			};
			name = Debug;
		};
		2794A7E61D96A8C30019F294 /* Release */ = {
			isa = XCBuildConfiguration;
			buildSettings = {
				ALWAYS_SEARCH_USER_PATHS = NO;
				CLANG_ANALYZER_NONNULL = YES;
				CLANG_CXX_LANGUAGE_STANDARD = "gnu++0x";
				CLANG_CXX_LIBRARY = "libc++";
				CLANG_ENABLE_MODULES = YES;
				CLANG_ENABLE_OBJC_ARC = YES;
				CLANG_WARN_BOOL_CONVERSION = YES;
				CLANG_WARN_CONSTANT_CONVERSION = YES;
				CLANG_WARN_DIRECT_OBJC_ISA_USAGE = YES_ERROR;
				CLANG_WARN_DOCUMENTATION_COMMENTS = YES;
				CLANG_WARN_EMPTY_BODY = YES;
				CLANG_WARN_ENUM_CONVERSION = YES;
				CLANG_WARN_INFINITE_RECURSION = YES;
				CLANG_WARN_INT_CONVERSION = YES;
				CLANG_WARN_OBJC_ROOT_CLASS = YES_ERROR;
				CLANG_WARN_SUSPICIOUS_MOVES = YES;
				CLANG_WARN_UNREACHABLE_CODE = YES;
				CLANG_WARN__DUPLICATE_METHOD_MATCH = YES;
				CODE_SIGN_IDENTITY = "";
				"CODE_SIGN_IDENTITY[sdk=iphoneos*]" = "iPhone Developer";
				COPY_PHASE_STRIP = NO;
				CURRENT_PROJECT_VERSION = 1;
				DEBUG_INFORMATION_FORMAT = "dwarf-with-dsym";
				DEFINES_MODULE = YES;
				DYLIB_COMPATIBILITY_VERSION = 1;
				DYLIB_CURRENT_VERSION = 1;
				DYLIB_INSTALL_NAME_BASE = "@rpath";
				ENABLE_NS_ASSERTIONS = NO;
				ENABLE_STRICT_OBJC_MSGSEND = YES;
				GCC_C_LANGUAGE_STANDARD = gnu99;
				GCC_NO_COMMON_BLOCKS = YES;
				GCC_WARN_64_TO_32_BIT_CONVERSION = YES;
				GCC_WARN_ABOUT_RETURN_TYPE = YES_ERROR;
				GCC_WARN_UNDECLARED_SELECTOR = YES;
				GCC_WARN_UNINITIALIZED_AUTOS = YES_AGGRESSIVE;
				GCC_WARN_UNUSED_FUNCTION = YES;
				GCC_WARN_UNUSED_VARIABLE = YES;
				INFOPLIST_FILE = "Sources/Info-iOS.plist";
				INSTALL_PATH = "$(LOCAL_LIBRARY_DIR)/Frameworks";
				IPHONEOS_DEPLOYMENT_TARGET = 10.0;
				LD_RUNPATH_SEARCH_PATHS = "$(inherited) @executable_path/Frameworks @loader_path/Frameworks";
				MTL_ENABLE_DEBUG_INFO = NO;
				PRODUCT_BUNDLE_IDENTIFIER = "com.kashesoft.Kjob-iOS";
				PRODUCT_NAME = Kjob;
				SDKROOT = iphoneos;
				SKIP_INSTALL = YES;
				SWIFT_OPTIMIZATION_LEVEL = "-Owholemodule";
				SWIFT_VERSION = 3.0;
				TARGETED_DEVICE_FAMILY = "1,2";
				VALIDATE_PRODUCT = YES;
				VERSIONING_SYSTEM = "apple-generic";
				VERSION_INFO_PREFIX = "";
			};
			name = Release;
		};
		2794A7F21D96A8FB0019F294 /* Debug */ = {
			isa = XCBuildConfiguration;
			buildSettings = {
				ALWAYS_SEARCH_USER_PATHS = NO;
				CLANG_ANALYZER_NONNULL = YES;
				CLANG_CXX_LANGUAGE_STANDARD = "gnu++0x";
				CLANG_CXX_LIBRARY = "libc++";
				CLANG_ENABLE_MODULES = YES;
				CLANG_ENABLE_OBJC_ARC = YES;
				CLANG_WARN_BOOL_CONVERSION = YES;
				CLANG_WARN_CONSTANT_CONVERSION = YES;
				CLANG_WARN_DIRECT_OBJC_ISA_USAGE = YES_ERROR;
				CLANG_WARN_DOCUMENTATION_COMMENTS = YES;
				CLANG_WARN_EMPTY_BODY = YES;
				CLANG_WARN_ENUM_CONVERSION = YES;
				CLANG_WARN_INFINITE_RECURSION = YES;
				CLANG_WARN_INT_CONVERSION = YES;
				CLANG_WARN_OBJC_ROOT_CLASS = YES_ERROR;
				CLANG_WARN_SUSPICIOUS_MOVES = YES;
				CLANG_WARN_UNREACHABLE_CODE = YES;
				CLANG_WARN__DUPLICATE_METHOD_MATCH = YES;
				CODE_SIGN_IDENTITY = "-";
				COMBINE_HIDPI_IMAGES = YES;
				COPY_PHASE_STRIP = NO;
				CURRENT_PROJECT_VERSION = 1;
				DEBUG_INFORMATION_FORMAT = dwarf;
				DEFINES_MODULE = YES;
				DYLIB_COMPATIBILITY_VERSION = 1;
				DYLIB_CURRENT_VERSION = 1;
				DYLIB_INSTALL_NAME_BASE = "@rpath";
				ENABLE_STRICT_OBJC_MSGSEND = YES;
				ENABLE_TESTABILITY = YES;
				FRAMEWORK_VERSION = A;
				GCC_C_LANGUAGE_STANDARD = gnu99;
				GCC_DYNAMIC_NO_PIC = NO;
				GCC_NO_COMMON_BLOCKS = YES;
				GCC_OPTIMIZATION_LEVEL = 0;
				GCC_PREPROCESSOR_DEFINITIONS = (
					"DEBUG=1",
					"$(inherited)",
				);
				GCC_WARN_64_TO_32_BIT_CONVERSION = YES;
				GCC_WARN_ABOUT_RETURN_TYPE = YES_ERROR;
				GCC_WARN_UNDECLARED_SELECTOR = YES;
				GCC_WARN_UNINITIALIZED_AUTOS = YES_AGGRESSIVE;
				GCC_WARN_UNUSED_FUNCTION = YES;
				GCC_WARN_UNUSED_VARIABLE = YES;
				INFOPLIST_FILE = "Sources/Info-macOS.plist";
				INSTALL_PATH = "$(LOCAL_LIBRARY_DIR)/Frameworks";
				LD_RUNPATH_SEARCH_PATHS = "$(inherited) @executable_path/../Frameworks @loader_path/Frameworks";
				MACOSX_DEPLOYMENT_TARGET = 10.12;
				MTL_ENABLE_DEBUG_INFO = YES;
				ONLY_ACTIVE_ARCH = YES;
				PRODUCT_BUNDLE_IDENTIFIER = "com.kashesoft.Kjob-macOS";
				PRODUCT_NAME = Kjob;
				SDKROOT = macosx;
				SKIP_INSTALL = YES;
				SWIFT_ACTIVE_COMPILATION_CONDITIONS = DEBUG;
				SWIFT_OPTIMIZATION_LEVEL = "-Onone";
				SWIFT_VERSION = 3.0;
				VERSIONING_SYSTEM = "apple-generic";
				VERSION_INFO_PREFIX = "";
			};
			name = Debug;
		};
		2794A7F31D96A8FB0019F294 /* Release */ = {
			isa = XCBuildConfiguration;
			buildSettings = {
				ALWAYS_SEARCH_USER_PATHS = NO;
				CLANG_ANALYZER_NONNULL = YES;
				CLANG_CXX_LANGUAGE_STANDARD = "gnu++0x";
				CLANG_CXX_LIBRARY = "libc++";
				CLANG_ENABLE_MODULES = YES;
				CLANG_ENABLE_OBJC_ARC = YES;
				CLANG_WARN_BOOL_CONVERSION = YES;
				CLANG_WARN_CONSTANT_CONVERSION = YES;
				CLANG_WARN_DIRECT_OBJC_ISA_USAGE = YES_ERROR;
				CLANG_WARN_DOCUMENTATION_COMMENTS = YES;
				CLANG_WARN_EMPTY_BODY = YES;
				CLANG_WARN_ENUM_CONVERSION = YES;
				CLANG_WARN_INFINITE_RECURSION = YES;
				CLANG_WARN_INT_CONVERSION = YES;
				CLANG_WARN_OBJC_ROOT_CLASS = YES_ERROR;
				CLANG_WARN_SUSPICIOUS_MOVES = YES;
				CLANG_WARN_UNREACHABLE_CODE = YES;
				CLANG_WARN__DUPLICATE_METHOD_MATCH = YES;
				CODE_SIGN_IDENTITY = "-";
				COMBINE_HIDPI_IMAGES = YES;
				COPY_PHASE_STRIP = NO;
				CURRENT_PROJECT_VERSION = 1;
				DEBUG_INFORMATION_FORMAT = "dwarf-with-dsym";
				DEFINES_MODULE = YES;
				DYLIB_COMPATIBILITY_VERSION = 1;
				DYLIB_CURRENT_VERSION = 1;
				DYLIB_INSTALL_NAME_BASE = "@rpath";
				ENABLE_NS_ASSERTIONS = NO;
				ENABLE_STRICT_OBJC_MSGSEND = YES;
				FRAMEWORK_VERSION = A;
				GCC_C_LANGUAGE_STANDARD = gnu99;
				GCC_NO_COMMON_BLOCKS = YES;
				GCC_WARN_64_TO_32_BIT_CONVERSION = YES;
				GCC_WARN_ABOUT_RETURN_TYPE = YES_ERROR;
				GCC_WARN_UNDECLARED_SELECTOR = YES;
				GCC_WARN_UNINITIALIZED_AUTOS = YES_AGGRESSIVE;
				GCC_WARN_UNUSED_FUNCTION = YES;
				GCC_WARN_UNUSED_VARIABLE = YES;
				INFOPLIST_FILE = "Sources/Info-macOS.plist";
				INSTALL_PATH = "$(LOCAL_LIBRARY_DIR)/Frameworks";
				LD_RUNPATH_SEARCH_PATHS = "$(inherited) @executable_path/../Frameworks @loader_path/Frameworks";
				MACOSX_DEPLOYMENT_TARGET = 10.12;
				MTL_ENABLE_DEBUG_INFO = NO;
				PRODUCT_BUNDLE_IDENTIFIER = "com.kashesoft.Kjob-macOS";
				PRODUCT_NAME = Kjob;
				SDKROOT = macosx;
				SKIP_INSTALL = YES;
				SWIFT_OPTIMIZATION_LEVEL = "-Owholemodule";
				SWIFT_VERSION = 3.0;
				VERSIONING_SYSTEM = "apple-generic";
				VERSION_INFO_PREFIX = "";
			};
			name = Release;
		};
		2794A7FF1D96A93A0019F294 /* Debug */ = {
			isa = XCBuildConfiguration;
			buildSettings = {
				ALWAYS_SEARCH_USER_PATHS = NO;
				CLANG_ANALYZER_NONNULL = YES;
				CLANG_CXX_LANGUAGE_STANDARD = "gnu++0x";
				CLANG_CXX_LIBRARY = "libc++";
				CLANG_ENABLE_MODULES = YES;
				CLANG_ENABLE_OBJC_ARC = YES;
				CLANG_WARN_BOOL_CONVERSION = YES;
				CLANG_WARN_CONSTANT_CONVERSION = YES;
				CLANG_WARN_DIRECT_OBJC_ISA_USAGE = YES_ERROR;
				CLANG_WARN_DOCUMENTATION_COMMENTS = YES;
				CLANG_WARN_EMPTY_BODY = YES;
				CLANG_WARN_ENUM_CONVERSION = YES;
				CLANG_WARN_INFINITE_RECURSION = YES;
				CLANG_WARN_INT_CONVERSION = YES;
				CLANG_WARN_OBJC_ROOT_CLASS = YES_ERROR;
				CLANG_WARN_SUSPICIOUS_MOVES = YES;
				CLANG_WARN_UNREACHABLE_CODE = YES;
				CLANG_WARN__DUPLICATE_METHOD_MATCH = YES;
				CODE_SIGN_IDENTITY = "";
				COPY_PHASE_STRIP = NO;
				CURRENT_PROJECT_VERSION = 1;
				DEBUG_INFORMATION_FORMAT = dwarf;
				DEFINES_MODULE = YES;
				DYLIB_COMPATIBILITY_VERSION = 1;
				DYLIB_CURRENT_VERSION = 1;
				DYLIB_INSTALL_NAME_BASE = "@rpath";
				ENABLE_STRICT_OBJC_MSGSEND = YES;
				ENABLE_TESTABILITY = YES;
				GCC_C_LANGUAGE_STANDARD = gnu99;
				GCC_DYNAMIC_NO_PIC = NO;
				GCC_NO_COMMON_BLOCKS = YES;
				GCC_OPTIMIZATION_LEVEL = 0;
				GCC_PREPROCESSOR_DEFINITIONS = (
					"DEBUG=1",
					"$(inherited)",
				);
				GCC_WARN_64_TO_32_BIT_CONVERSION = YES;
				GCC_WARN_ABOUT_RETURN_TYPE = YES_ERROR;
				GCC_WARN_UNDECLARED_SELECTOR = YES;
				GCC_WARN_UNINITIALIZED_AUTOS = YES_AGGRESSIVE;
				GCC_WARN_UNUSED_FUNCTION = YES;
				GCC_WARN_UNUSED_VARIABLE = YES;
				INFOPLIST_FILE = "Sources/Info-tvOS.plist";
				INSTALL_PATH = "$(LOCAL_LIBRARY_DIR)/Frameworks";
				LD_RUNPATH_SEARCH_PATHS = "$(inherited) @executable_path/Frameworks @loader_path/Frameworks";
				MTL_ENABLE_DEBUG_INFO = YES;
				ONLY_ACTIVE_ARCH = YES;
				PRODUCT_BUNDLE_IDENTIFIER = "com.kashesoft.Kjob-tvOS";
				PRODUCT_NAME = Kjob;
				SDKROOT = appletvos;
				SKIP_INSTALL = YES;
				SWIFT_ACTIVE_COMPILATION_CONDITIONS = DEBUG;
				SWIFT_OPTIMIZATION_LEVEL = "-Onone";
				SWIFT_VERSION = 3.0;
				TARGETED_DEVICE_FAMILY = 3;
				TVOS_DEPLOYMENT_TARGET = 10.0;
				VERSIONING_SYSTEM = "apple-generic";
				VERSION_INFO_PREFIX = "";
			};
			name = Debug;
		};
		2794A8001D96A93A0019F294 /* Release */ = {
			isa = XCBuildConfiguration;
			buildSettings = {
				ALWAYS_SEARCH_USER_PATHS = NO;
				CLANG_ANALYZER_NONNULL = YES;
				CLANG_CXX_LANGUAGE_STANDARD = "gnu++0x";
				CLANG_CXX_LIBRARY = "libc++";
				CLANG_ENABLE_MODULES = YES;
				CLANG_ENABLE_OBJC_ARC = YES;
				CLANG_WARN_BOOL_CONVERSION = YES;
				CLANG_WARN_CONSTANT_CONVERSION = YES;
				CLANG_WARN_DIRECT_OBJC_ISA_USAGE = YES_ERROR;
				CLANG_WARN_DOCUMENTATION_COMMENTS = YES;
				CLANG_WARN_EMPTY_BODY = YES;
				CLANG_WARN_ENUM_CONVERSION = YES;
				CLANG_WARN_INFINITE_RECURSION = YES;
				CLANG_WARN_INT_CONVERSION = YES;
				CLANG_WARN_OBJC_ROOT_CLASS = YES_ERROR;
				CLANG_WARN_SUSPICIOUS_MOVES = YES;
				CLANG_WARN_UNREACHABLE_CODE = YES;
				CLANG_WARN__DUPLICATE_METHOD_MATCH = YES;
				CODE_SIGN_IDENTITY = "";
				COPY_PHASE_STRIP = NO;
				CURRENT_PROJECT_VERSION = 1;
				DEBUG_INFORMATION_FORMAT = "dwarf-with-dsym";
				DEFINES_MODULE = YES;
				DYLIB_COMPATIBILITY_VERSION = 1;
				DYLIB_CURRENT_VERSION = 1;
				DYLIB_INSTALL_NAME_BASE = "@rpath";
				ENABLE_NS_ASSERTIONS = NO;
				ENABLE_STRICT_OBJC_MSGSEND = YES;
				GCC_C_LANGUAGE_STANDARD = gnu99;
				GCC_NO_COMMON_BLOCKS = YES;
				GCC_WARN_64_TO_32_BIT_CONVERSION = YES;
				GCC_WARN_ABOUT_RETURN_TYPE = YES_ERROR;
				GCC_WARN_UNDECLARED_SELECTOR = YES;
				GCC_WARN_UNINITIALIZED_AUTOS = YES_AGGRESSIVE;
				GCC_WARN_UNUSED_FUNCTION = YES;
				GCC_WARN_UNUSED_VARIABLE = YES;
				INFOPLIST_FILE = "Sources/Info-tvOS.plist";
				INSTALL_PATH = "$(LOCAL_LIBRARY_DIR)/Frameworks";
				LD_RUNPATH_SEARCH_PATHS = "$(inherited) @executable_path/Frameworks @loader_path/Frameworks";
				MTL_ENABLE_DEBUG_INFO = NO;
				PRODUCT_BUNDLE_IDENTIFIER = "com.kashesoft.Kjob-tvOS";
				PRODUCT_NAME = Kjob;
				SDKROOT = appletvos;
				SKIP_INSTALL = YES;
				SWIFT_OPTIMIZATION_LEVEL = "-Owholemodule";
				SWIFT_VERSION = 3.0;
				TARGETED_DEVICE_FAMILY = 3;
				TVOS_DEPLOYMENT_TARGET = 10.0;
				VALIDATE_PRODUCT = YES;
				VERSIONING_SYSTEM = "apple-generic";
				VERSION_INFO_PREFIX = "";
			};
			name = Release;
		};
		2794A80C1D96A95E0019F294 /* Debug */ = {
			isa = XCBuildConfiguration;
			buildSettings = {
				ALWAYS_SEARCH_USER_PATHS = NO;
				APPLICATION_EXTENSION_API_ONLY = YES;
				CLANG_ANALYZER_NONNULL = YES;
				CLANG_CXX_LANGUAGE_STANDARD = "gnu++0x";
				CLANG_CXX_LIBRARY = "libc++";
				CLANG_ENABLE_MODULES = YES;
				CLANG_ENABLE_OBJC_ARC = YES;
				CLANG_WARN_BOOL_CONVERSION = YES;
				CLANG_WARN_CONSTANT_CONVERSION = YES;
				CLANG_WARN_DIRECT_OBJC_ISA_USAGE = YES_ERROR;
				CLANG_WARN_DOCUMENTATION_COMMENTS = YES;
				CLANG_WARN_EMPTY_BODY = YES;
				CLANG_WARN_ENUM_CONVERSION = YES;
				CLANG_WARN_INFINITE_RECURSION = YES;
				CLANG_WARN_INT_CONVERSION = YES;
				CLANG_WARN_OBJC_ROOT_CLASS = YES_ERROR;
				CLANG_WARN_SUSPICIOUS_MOVES = YES;
				CLANG_WARN_UNREACHABLE_CODE = YES;
				CLANG_WARN__DUPLICATE_METHOD_MATCH = YES;
				CODE_SIGN_IDENTITY = "";
				COPY_PHASE_STRIP = NO;
				CURRENT_PROJECT_VERSION = 1;
				DEBUG_INFORMATION_FORMAT = dwarf;
				DEFINES_MODULE = YES;
				DYLIB_COMPATIBILITY_VERSION = 1;
				DYLIB_CURRENT_VERSION = 1;
				DYLIB_INSTALL_NAME_BASE = "@rpath";
				ENABLE_STRICT_OBJC_MSGSEND = YES;
				ENABLE_TESTABILITY = YES;
				GCC_C_LANGUAGE_STANDARD = gnu99;
				GCC_DYNAMIC_NO_PIC = NO;
				GCC_NO_COMMON_BLOCKS = YES;
				GCC_OPTIMIZATION_LEVEL = 0;
				GCC_PREPROCESSOR_DEFINITIONS = (
					"DEBUG=1",
					"$(inherited)",
				);
				GCC_WARN_64_TO_32_BIT_CONVERSION = YES;
				GCC_WARN_ABOUT_RETURN_TYPE = YES_ERROR;
				GCC_WARN_UNDECLARED_SELECTOR = YES;
				GCC_WARN_UNINITIALIZED_AUTOS = YES_AGGRESSIVE;
				GCC_WARN_UNUSED_FUNCTION = YES;
				GCC_WARN_UNUSED_VARIABLE = YES;
				INFOPLIST_FILE = "Sources/Info-watchOS.plist";
				INSTALL_PATH = "$(LOCAL_LIBRARY_DIR)/Frameworks";
				LD_RUNPATH_SEARCH_PATHS = "$(inherited) @executable_path/Frameworks @loader_path/Frameworks";
				MTL_ENABLE_DEBUG_INFO = YES;
				ONLY_ACTIVE_ARCH = YES;
				PRODUCT_BUNDLE_IDENTIFIER = "com.kashesoft.Kjob-watchOS";
				PRODUCT_NAME = Kjob;
				SDKROOT = watchos;
				SKIP_INSTALL = YES;
				SWIFT_ACTIVE_COMPILATION_CONDITIONS = DEBUG;
				SWIFT_OPTIMIZATION_LEVEL = "-Onone";
				SWIFT_VERSION = 3.0;
				TARGETED_DEVICE_FAMILY = 4;
				VERSIONING_SYSTEM = "apple-generic";
				VERSION_INFO_PREFIX = "";
				WATCHOS_DEPLOYMENT_TARGET = 3.0;
			};
			name = Debug;
		};
		2794A80D1D96A95E0019F294 /* Release */ = {
			isa = XCBuildConfiguration;
			buildSettings = {
				ALWAYS_SEARCH_USER_PATHS = NO;
				APPLICATION_EXTENSION_API_ONLY = YES;
				CLANG_ANALYZER_NONNULL = YES;
				CLANG_CXX_LANGUAGE_STANDARD = "gnu++0x";
				CLANG_CXX_LIBRARY = "libc++";
				CLANG_ENABLE_MODULES = YES;
				CLANG_ENABLE_OBJC_ARC = YES;
				CLANG_WARN_BOOL_CONVERSION = YES;
				CLANG_WARN_CONSTANT_CONVERSION = YES;
				CLANG_WARN_DIRECT_OBJC_ISA_USAGE = YES_ERROR;
				CLANG_WARN_DOCUMENTATION_COMMENTS = YES;
				CLANG_WARN_EMPTY_BODY = YES;
				CLANG_WARN_ENUM_CONVERSION = YES;
				CLANG_WARN_INFINITE_RECURSION = YES;
				CLANG_WARN_INT_CONVERSION = YES;
				CLANG_WARN_OBJC_ROOT_CLASS = YES_ERROR;
				CLANG_WARN_SUSPICIOUS_MOVES = YES;
				CLANG_WARN_UNREACHABLE_CODE = YES;
				CLANG_WARN__DUPLICATE_METHOD_MATCH = YES;
				CODE_SIGN_IDENTITY = "";
				COPY_PHASE_STRIP = NO;
				CURRENT_PROJECT_VERSION = 1;
				DEBUG_INFORMATION_FORMAT = "dwarf-with-dsym";
				DEFINES_MODULE = YES;
				DYLIB_COMPATIBILITY_VERSION = 1;
				DYLIB_CURRENT_VERSION = 1;
				DYLIB_INSTALL_NAME_BASE = "@rpath";
				ENABLE_NS_ASSERTIONS = NO;
				ENABLE_STRICT_OBJC_MSGSEND = YES;
				GCC_C_LANGUAGE_STANDARD = gnu99;
				GCC_NO_COMMON_BLOCKS = YES;
				GCC_WARN_64_TO_32_BIT_CONVERSION = YES;
				GCC_WARN_ABOUT_RETURN_TYPE = YES_ERROR;
				GCC_WARN_UNDECLARED_SELECTOR = YES;
				GCC_WARN_UNINITIALIZED_AUTOS = YES_AGGRESSIVE;
				GCC_WARN_UNUSED_FUNCTION = YES;
				GCC_WARN_UNUSED_VARIABLE = YES;
				INFOPLIST_FILE = "Sources/Info-watchOS.plist";
				INSTALL_PATH = "$(LOCAL_LIBRARY_DIR)/Frameworks";
				LD_RUNPATH_SEARCH_PATHS = "$(inherited) @executable_path/Frameworks @loader_path/Frameworks";
				MTL_ENABLE_DEBUG_INFO = NO;
				PRODUCT_BUNDLE_IDENTIFIER = "com.kashesoft.Kjob-watchOS";
				PRODUCT_NAME = Kjob;
				SDKROOT = watchos;
				SKIP_INSTALL = YES;
				SWIFT_OPTIMIZATION_LEVEL = "-Owholemodule";
				SWIFT_VERSION = 3.0;
				TARGETED_DEVICE_FAMILY = 4;
				VALIDATE_PRODUCT = YES;
				VERSIONING_SYSTEM = "apple-generic";
				VERSION_INFO_PREFIX = "";
				WATCHOS_DEPLOYMENT_TARGET = 3.0;
			};
			name = Release;
		};
/* End XCBuildConfiguration section */

/* Begin XCConfigurationList section */
		277506D01DBD008F0082A6BA /* Build configuration list for PBXNativeTarget "KjobTests-iOS" */ = {
			isa = XCConfigurationList;
			buildConfigurations = (
				277506D11DBD008F0082A6BA /* Debug */,
				277506D21DBD008F0082A6BA /* Release */,
			);
			defaultConfigurationIsVisible = 0;
		};
		277506DF1DBD00B40082A6BA /* Build configuration list for PBXNativeTarget "KjobTests-macOS" */ = {
			isa = XCConfigurationList;
			buildConfigurations = (
				277506E01DBD00B40082A6BA /* Debug */,
				277506E11DBD00B40082A6BA /* Release */,
			);
			defaultConfigurationIsVisible = 0;
		};
		277506EE1DBD00D20082A6BA /* Build configuration list for PBXNativeTarget "KjobTests-tvOS" */ = {
			isa = XCConfigurationList;
			buildConfigurations = (
				277506EF1DBD00D20082A6BA /* Debug */,
				277506F01DBD00D20082A6BA /* Release */,
			);
			defaultConfigurationIsVisible = 0;
		};
		2794A7D61D96A7E90019F294 /* Build configuration list for PBXProject "Kjob" */ = {
			isa = XCConfigurationList;
			buildConfigurations = (
				2794A7D71D96A7E90019F294 /* Debug */,
				2794A7D81D96A7E90019F294 /* Release */,
			);
			defaultConfigurationIsVisible = 0;
			defaultConfigurationName = Release;
		};
		2794A7E41D96A8C30019F294 /* Build configuration list for PBXNativeTarget "Kjob-iOS" */ = {
			isa = XCConfigurationList;
			buildConfigurations = (
				2794A7E51D96A8C30019F294 /* Debug */,
				2794A7E61D96A8C30019F294 /* Release */,
			);
			defaultConfigurationIsVisible = 0;
			defaultConfigurationName = Release;
		};
		2794A7F11D96A8FB0019F294 /* Build configuration list for PBXNativeTarget "Kjob-macOS" */ = {
			isa = XCConfigurationList;
			buildConfigurations = (
				2794A7F21D96A8FB0019F294 /* Debug */,
				2794A7F31D96A8FB0019F294 /* Release */,
			);
			defaultConfigurationIsVisible = 0;
			defaultConfigurationName = Release;
		};
		2794A7FE1D96A93A0019F294 /* Build configuration list for PBXNativeTarget "Kjob-tvOS" */ = {
			isa = XCConfigurationList;
			buildConfigurations = (
				2794A7FF1D96A93A0019F294 /* Debug */,
				2794A8001D96A93A0019F294 /* Release */,
			);
			defaultConfigurationIsVisible = 0;
			defaultConfigurationName = Release;
		};
		2794A80B1D96A95E0019F294 /* Build configuration list for PBXNativeTarget "Kjob-watchOS" */ = {
			isa = XCConfigurationList;
			buildConfigurations = (
				2794A80C1D96A95E0019F294 /* Debug */,
				2794A80D1D96A95E0019F294 /* Release */,
			);
			defaultConfigurationIsVisible = 0;
			defaultConfigurationName = Release;
		};
/* End XCConfigurationList section */
	};
	rootObject = 2794A7D31D96A7E90019F294 /* Project object */;
}
